
Microsoft Visual Studio Solution File, Format Version 12.00
# Visual Studio Version 17
VisualStudioVersion = 17.6.33723.286
MinimumVisualStudioVersion = 10.0.40219.1
Project("{FAE04EC0-301F-11D3-BF4B-00C04F79EFBC}") = "NUmbers", "NUmbers\NUmbers.csproj", "{0639BA6F-0D4D-4032-80F2-A5DA8F8A8DBB}"
EndProject
Global
	GlobalSection(SolutionConfigurationPlatforms) = preSolution
		Debug|Any CPU = Debug|Any CPU
		Release|Any CPU = Release|Any CPU
	EndGlobalSection
	GlobalSection(ProjectConfigurationPlatforms) = postSolution
		{0639BA6F-0D4D-4032-80F2-A5DA8F8A8DBB}.Debug|Any CPU.ActiveCfg = Debug|Any CPU
		{0639BA6F-0D4D-4032-80F2-A5DA8F8A8DBB}.Debug|Any CPU.Build.0 = Debug|Any CPU
		{0639BA6F-0D4D-4032-80F2-A5DA8F8A8DBB}.Release|Any CPU.ActiveCfg = Release|Any CPU
		{0639BA6F-0D4D-4032-80F2-A5DA8F8A8DBB}.Release|Any CPU.Build.0 = Release|Any CPU
	EndGlobalSection
	GlobalSection(SolutionProperties) = preSolution
		HideSolutionNode = FALSE
	EndGlobalSection
	GlobalSection(ExtensibilityGlobals) = postSolution
		SolutionGuid = {CBC9D040-218A-4AB9-BF24-28AFAE72FFA9}
	EndGlobalSection
EndGlobal
